
Microsoft Visual Studio Solution File, Format Version 10.00
# Visual Studio 2008
Project("{8BC9CEB8-8B4A-11D0-8D11-00A0C91BC942}") = "FtpClient", "FtpClient\FtpClient.vcproj", "{5D487230-DDDD-43C5-AE7F-094328B13C99}"
EndProject
Project("{8BC9CEB8-8B4A-11D0-8D11-00A0C91BC942}") = "FileService", "FileService\FileService.vcproj", "{58BBE006-49CC-47AD-9672-A5D06A8090FF}"
EndProject
Global
	GlobalSection(SolutionConfigurationPlatforms) = preSolution
		Debug|Win32 = Debug|Win32
		Release|Win32 = Release|Win32
	EndGlobalSection
	GlobalSection(ProjectConfigurationPlatforms) = postSolution
		{5D487230-DDDD-43C5-AE7F-094328B13C99}.Debug|Win32.ActiveCfg = Debug|Win32
		{5D487230-DDDD-43C5-AE7F-094328B13C99}.Debug|Win32.Build.0 = Debug|Win32
		{5D487230-DDDD-43C5-AE7F-094328B13C99}.Release|Win32.ActiveCfg = Release|Win32
		{5D487230-DDDD-43C5-AE7F-094328B13C99}.Release|Win32.Build.0 = Release|Win32
		{58BBE006-49CC-47AD-9672-A5D06A8090FF}.Debug|Win32.ActiveCfg = Debug|Win32
		{58BBE006-49CC-47AD-9672-A5D06A8090FF}.Debug|Win32.Build.0 = Debug|Win32
		{58BBE006-49CC-47AD-9672-A5D06A8090FF}.Release|Win32.ActiveCfg = Release|Win32
		{58BBE006-49CC-47AD-9672-A5D06A8090FF}.Release|Win32.Build.0 = Release|Win32
	EndGlobalSection
	GlobalSection(SolutionProperties) = preSolution
		HideSolutionNode = FALSE
	EndGlobalSection
EndGlobal
