
Microsoft Visual Studio Solution File, Format Version 10.00
# Visual Studio 2008
Project("{FAE04EC0-301F-11D3-BF4B-00C04F79EFBC}") = "ShareBrowse", "ShareBrowse\ShareBrowse.csproj", "{568E4F94-DB86-4DE2-9AC5-7AB441871F09}"
EndProject
Project("{FAE04EC0-301F-11D3-BF4B-00C04F79EFBC}") = "FileSetMan", "FileSetMan\FileSetMan.csproj", "{1FAABE0B-C6D8-44F8-B4E3-06968EF135DC}"
EndProject
Project("{FAE04EC0-301F-11D3-BF4B-00C04F79EFBC}") = "ShareMan", "ShareMan\ShareMan.csproj", "{A67E998A-9CBF-49B6-B2ED-8C809E2C92C8}"
	ProjectSection(ProjectDependencies) = postProject
		{1FAABE0B-C6D8-44F8-B4E3-06968EF135DC} = {1FAABE0B-C6D8-44F8-B4E3-06968EF135DC}
		{568E4F94-DB86-4DE2-9AC5-7AB441871F09} = {568E4F94-DB86-4DE2-9AC5-7AB441871F09}
	EndProjectSection
EndProject
Project("{FAE04EC0-301F-11D3-BF4B-00C04F79EFBC}") = "QueryService", "QueryService\QueryService.csproj", "{84167BEE-F72D-47EA-9701-98EE65A0FFCC}"
EndProject
Global
	GlobalSection(SolutionConfigurationPlatforms) = preSolution
		Debug|Any CPU = Debug|Any CPU
		Release|Any CPU = Release|Any CPU
	EndGlobalSection
	GlobalSection(ProjectConfigurationPlatforms) = postSolution
		{568E4F94-DB86-4DE2-9AC5-7AB441871F09}.Debug|Any CPU.ActiveCfg = Debug|Any CPU
		{568E4F94-DB86-4DE2-9AC5-7AB441871F09}.Debug|Any CPU.Build.0 = Debug|Any CPU
		{568E4F94-DB86-4DE2-9AC5-7AB441871F09}.Release|Any CPU.ActiveCfg = Release|Any CPU
		{568E4F94-DB86-4DE2-9AC5-7AB441871F09}.Release|Any CPU.Build.0 = Release|Any CPU
		{1FAABE0B-C6D8-44F8-B4E3-06968EF135DC}.Debug|Any CPU.ActiveCfg = Debug|Any CPU
		{1FAABE0B-C6D8-44F8-B4E3-06968EF135DC}.Debug|Any CPU.Build.0 = Debug|Any CPU
		{1FAABE0B-C6D8-44F8-B4E3-06968EF135DC}.Release|Any CPU.ActiveCfg = Release|Any CPU
		{1FAABE0B-C6D8-44F8-B4E3-06968EF135DC}.Release|Any CPU.Build.0 = Release|Any CPU
		{A67E998A-9CBF-49B6-B2ED-8C809E2C92C8}.Debug|Any CPU.ActiveCfg = Debug|Any CPU
		{A67E998A-9CBF-49B6-B2ED-8C809E2C92C8}.Debug|Any CPU.Build.0 = Debug|Any CPU
		{A67E998A-9CBF-49B6-B2ED-8C809E2C92C8}.Release|Any CPU.ActiveCfg = Release|Any CPU
		{A67E998A-9CBF-49B6-B2ED-8C809E2C92C8}.Release|Any CPU.Build.0 = Release|Any CPU
		{84167BEE-F72D-47EA-9701-98EE65A0FFCC}.Debug|Any CPU.ActiveCfg = Debug|Any CPU
		{84167BEE-F72D-47EA-9701-98EE65A0FFCC}.Debug|Any CPU.Build.0 = Debug|Any CPU
		{84167BEE-F72D-47EA-9701-98EE65A0FFCC}.Release|Any CPU.ActiveCfg = Release|Any CPU
		{84167BEE-F72D-47EA-9701-98EE65A0FFCC}.Release|Any CPU.Build.0 = Release|Any CPU
	EndGlobalSection
	GlobalSection(SolutionProperties) = preSolution
		HideSolutionNode = FALSE
	EndGlobalSection
EndGlobal
